
Microsoft Visual Studio Solution File, Format Version 12.00
# Visual Studio 15
VisualStudioVersion = 15.0.28010.2016
MinimumVisualStudioVersion = 10.0.40219.1
Project("{FAE04EC0-301F-11D3-BF4B-00C04F79EFBC}") = "TFSCodeStats", "TFSCodeStats\TFSCodeStats.csproj", "{0E9BEC95-A9B4-4B74-86A0-2202A51CE834}"
EndProject
Global
	GlobalSection(SolutionConfigurationPlatforms) = preSolution
		Debug|Any CPU = Debug|Any CPU
		Release|Any CPU = Release|Any CPU
	EndGlobalSection
	GlobalSection(ProjectConfigurationPlatforms) = postSolution
		{0E9BEC95-A9B4-4B74-86A0-2202A51CE834}.Debug|Any CPU.ActiveCfg = Debug|Any CPU
		{0E9BEC95-A9B4-4B74-86A0-2202A51CE834}.Debug|Any CPU.Build.0 = Debug|Any CPU
		{0E9BEC95-A9B4-4B74-86A0-2202A51CE834}.Release|Any CPU.ActiveCfg = Release|Any CPU
		{0E9BEC95-A9B4-4B74-86A0-2202A51CE834}.Release|Any CPU.Build.0 = Release|Any CPU
	EndGlobalSection
	GlobalSection(SolutionProperties) = preSolution
		HideSolutionNode = FALSE
	EndGlobalSection
	GlobalSection(ExtensibilityGlobals) = postSolution
		SolutionGuid = {608ED08B-3D10-4BD7-9D9B-202C6C3D7437}
	EndGlobalSection
EndGlobal
